// !$*UTF8*$!
{
	archiveVersion = 1;
	classes = {
	};
	objectVersion = 55;
	objects = {

/* Begin PBXBuildFile section */
		B72B5AF928BB91BF00D83260 /* main.swift in Sources */ = {isa = PBXBuildFile; fileRef = B72B5AF828BB91BF00D83260 /* main.swift */; };
		B72B5B0028BB920900D83260 /* leetNum9.swift in Sources */ = {isa = PBXBuildFile; fileRef = B72B5AFF28BB920900D83260 /* leetNum9.swift */; };
		B72B5B0228C06BA100D83260 /* Removeduplicates.swift in Sources */ = {isa = PBXBuildFile; fileRef = B72B5B0128C06BA000D83260 /* Removeduplicates.swift */; };
		B748321828D6DD2700C8FBC2 /* MergeList.swift in Sources */ = {isa = PBXBuildFile; fileRef = B748321728D6DD2700C8FBC2 /* MergeList.swift */; };
		B748321F28D85E9600C8FBC2 /* isPalindromeList.swift in Sources */ = {isa = PBXBuildFile; fileRef = B748321E28D85E9600C8FBC2 /* isPalindromeList.swift */; };
		B748322128D9611C00C8FBC2 /* LinkedListCycle.swift in Sources */ = {isa = PBXBuildFile; fileRef = B748322028D9611C00C8FBC2 /* LinkedListCycle.swift */; };
		B748322428DC40E800C8FBC2 /* maxDepth.swift in Sources */ = {isa = PBXBuildFile; fileRef = B748322328DC40E800C8FBC2 /* maxDepth.swift */; };
		B748322628DC57FE00C8FBC2 /* isValidBST.swift in Sources */ = {isa = PBXBuildFile; fileRef = B748322528DC57FE00C8FBC2 /* isValidBST.swift */; };
		B748326728E2A8B600C8FBC2 /* Symmetric Tree.swift in Sources */ = {isa = PBXBuildFile; fileRef = B748326628E2A8B600C8FBC2 /* Symmetric Tree.swift */; };
		B748326D28E45FFB00C8FBC2 /* Binary Tree Level Order Traversal.swift in Sources */ = {isa = PBXBuildFile; fileRef = B748326C28E45FFB00C8FBC2 /* Binary Tree Level Order Traversal.swift */; };
		B748326F28E6A15000C8FBC2 /* sortedArrayToBST.swift in Sources */ = {isa = PBXBuildFile; fileRef = B748326E28E6A15000C8FBC2 /* sortedArrayToBST.swift */; };
		B75424A328C1C0CC0043921E /* MaxProfit.swift in Sources */ = {isa = PBXBuildFile; fileRef = B75424A228C1C0CC0043921E /* MaxProfit.swift */; };
		B75424A528C1EA5E0043921E /* Rotate.swift in Sources */ = {isa = PBXBuildFile; fileRef = B75424A428C1EA5E0043921E /* Rotate.swift */; };
		B75424A728C5898D0043921E /* containsDuplicates.swift in Sources */ = {isa = PBXBuildFile; fileRef = B75424A628C5898D0043921E /* containsDuplicates.swift */; };
		B75424A928C593DF0043921E /* singleNumber.swift in Sources */ = {isa = PBXBuildFile; fileRef = B75424A828C593DF0043921E /* singleNumber.swift */; };
		B75424AB28C59D9D0043921E /* intersect.swift in Sources */ = {isa = PBXBuildFile; fileRef = B75424AA28C59D9D0043921E /* intersect.swift */; };
		B75424AD28C72C900043921E /* plusOne.swift in Sources */ = {isa = PBXBuildFile; fileRef = B75424AC28C72C900043921E /* plusOne.swift */; };
		B75424AF28C85A2F0043921E /* Movezeros.swift in Sources */ = {isa = PBXBuildFile; fileRef = B75424AE28C85A2F0043921E /* Movezeros.swift */; };
		B75424B128C86CA20043921E /* TwoSum.swift in Sources */ = {isa = PBXBuildFile; fileRef = B75424B028C86CA20043921E /* TwoSum.swift */; };
		B75424B328C87BE70043921E /* validSudoKu.swift in Sources */ = {isa = PBXBuildFile; fileRef = B75424B228C87BE70043921E /* validSudoKu.swift */; };
		B75424B528CB2AE70043921E /* RotateImage.swift in Sources */ = {isa = PBXBuildFile; fileRef = B75424B428CB2AE70043921E /* RotateImage.swift */; };
		B75424B728CD9ABE0043921E /* ReverseString.swift in Sources */ = {isa = PBXBuildFile; fileRef = B75424B628CD9ABE0043921E /* ReverseString.swift */; };
		B75424B928CDA5EF0043921E /* Revserse.swift in Sources */ = {isa = PBXBuildFile; fileRef = B75424B828CDA5EF0043921E /* Revserse.swift */; };
		B75424BB28CDB91F0043921E /* FirstUniqueChar.swift in Sources */ = {isa = PBXBuildFile; fileRef = B75424BA28CDB91F0043921E /* FirstUniqueChar.swift */; };
		B75424BD28CDC0200043921E /* IsAnagram.swift in Sources */ = {isa = PBXBuildFile; fileRef = B75424BC28CDC0200043921E /* IsAnagram.swift */; };
		B75424BF28CDD71B0043921E /* IsPalindrome.swift in Sources */ = {isa = PBXBuildFile; fileRef = B75424BE28CDD71B0043921E /* IsPalindrome.swift */; };
		B75424C128CEB9870043921E /* Atoi.swift in Sources */ = {isa = PBXBuildFile; fileRef = B75424C028CEB9870043921E /* Atoi.swift */; };
		B75424C328D000000043921E /* strStr.swift in Sources */ = {isa = PBXBuildFile; fileRef = B75424C228D000000043921E /* strStr.swift */; };
		B75424C528D016270043921E /* LongestCommonPrefix.swift in Sources */ = {isa = PBXBuildFile; fileRef = B75424C428D016270043921E /* LongestCommonPrefix.swift */; };
		B75424C728D2AEFC0043921E /* LinkedListDelete.swift in Sources */ = {isa = PBXBuildFile; fileRef = B75424C628D2AEFC0043921E /* LinkedListDelete.swift */; };
		B75424C928D2C1770043921E /* removeFromNthNode.swift in Sources */ = {isa = PBXBuildFile; fileRef = B75424C828D2C1770043921E /* removeFromNthNode.swift */; };
		B75424CC28D630850043921E /* reverseListNode.swift in Sources */ = {isa = PBXBuildFile; fileRef = B75424CB28D630850043921E /* reverseListNode.swift */; };
/* End PBXBuildFile section */

/* Begin PBXCopyFilesBuildPhase section */
		B72B5AF328BB91BF00D83260 /* CopyFiles */ = {
			isa = PBXCopyFilesBuildPhase;
			buildActionMask = 2147483647;
			dstPath = /usr/share/man/man1/;
			dstSubfolderSpec = 0;
			files = (
			);
			runOnlyForDeploymentPostprocessing = 1;
		};
/* End PBXCopyFilesBuildPhase section */

/* Begin PBXFileReference section */
		B72B5AF528BB91BF00D83260 /* Algorithm */ = {isa = PBXFileReference; explicitFileType = "compiled.mach-o.executable"; includeInIndex = 0; path = Algorithm; sourceTree = BUILT_PRODUCTS_DIR; };
		B72B5AF828BB91BF00D83260 /* main.swift */ = {isa = PBXFileReference; lastKnownFileType = sourcecode.swift; path = main.swift; sourceTree = "<group>"; };
		B72B5AFF28BB920900D83260 /* leetNum9.swift */ = {isa = PBXFileReference; lastKnownFileType = sourcecode.swift; path = leetNum9.swift; sourceTree = "<group>"; };
		B72B5B0128C06BA000D83260 /* Removeduplicates.swift */ = {isa = PBXFileReference; lastKnownFileType = sourcecode.swift; path = Removeduplicates.swift; sourceTree = "<group>"; };
		B748321728D6DD2700C8FBC2 /* MergeList.swift */ = {isa = PBXFileReference; lastKnownFileType = sourcecode.swift; path = MergeList.swift; sourceTree = "<group>"; };
		B748321E28D85E9600C8FBC2 /* isPalindromeList.swift */ = {isa = PBXFileReference; lastKnownFileType = sourcecode.swift; path = isPalindromeList.swift; sourceTree = "<group>"; };
		B748322028D9611C00C8FBC2 /* LinkedListCycle.swift */ = {isa = PBXFileReference; lastKnownFileType = sourcecode.swift; path = LinkedListCycle.swift; sourceTree = "<group>"; };
		B748322328DC40E800C8FBC2 /* maxDepth.swift */ = {isa = PBXFileReference; lastKnownFileType = sourcecode.swift; path = maxDepth.swift; sourceTree = "<group>"; };
		B748322528DC57FE00C8FBC2 /* isValidBST.swift */ = {isa = PBXFileReference; lastKnownFileType = sourcecode.swift; path = isValidBST.swift; sourceTree = "<group>"; };
		B748326628E2A8B600C8FBC2 /* Symmetric Tree.swift */ = {isa = PBXFileReference; lastKnownFileType = sourcecode.swift; path = "Symmetric Tree.swift"; sourceTree = "<group>"; };
		B748326C28E45FFB00C8FBC2 /* Binary Tree Level Order Traversal.swift */ = {isa = PBXFileReference; lastKnownFileType = sourcecode.swift; path = "Binary Tree Level Order Traversal.swift"; sourceTree = "<group>"; };
		B748326E28E6A15000C8FBC2 /* sortedArrayToBST.swift */ = {isa = PBXFileReference; lastKnownFileType = sourcecode.swift; path = sortedArrayToBST.swift; sourceTree = "<group>"; };
		B75424A228C1C0CC0043921E /* MaxProfit.swift */ = {isa = PBXFileReference; lastKnownFileType = sourcecode.swift; path = MaxProfit.swift; sourceTree = "<group>"; };
		B75424A428C1EA5E0043921E /* Rotate.swift */ = {isa = PBXFileReference; lastKnownFileType = sourcecode.swift; path = Rotate.swift; sourceTree = "<group>"; };
		B75424A628C5898D0043921E /* containsDuplicates.swift */ = {isa = PBXFileReference; lastKnownFileType = sourcecode.swift; path = containsDuplicates.swift; sourceTree = "<group>"; };
		B75424A828C593DF0043921E /* singleNumber.swift */ = {isa = PBXFileReference; lastKnownFileType = sourcecode.swift; path = singleNumber.swift; sourceTree = "<group>"; };
		B75424AA28C59D9D0043921E /* intersect.swift */ = {isa = PBXFileReference; lastKnownFileType = sourcecode.swift; path = intersect.swift; sourceTree = "<group>"; };
		B75424AC28C72C900043921E /* plusOne.swift */ = {isa = PBXFileReference; lastKnownFileType = sourcecode.swift; path = plusOne.swift; sourceTree = "<group>"; };
		B75424AE28C85A2F0043921E /* Movezeros.swift */ = {isa = PBXFileReference; lastKnownFileType = sourcecode.swift; path = Movezeros.swift; sourceTree = "<group>"; };
		B75424B028C86CA20043921E /* TwoSum.swift */ = {isa = PBXFileReference; lastKnownFileType = sourcecode.swift; path = TwoSum.swift; sourceTree = "<group>"; };
		B75424B228C87BE70043921E /* validSudoKu.swift */ = {isa = PBXFileReference; lastKnownFileType = sourcecode.swift; path = validSudoKu.swift; sourceTree = "<group>"; };
		B75424B428CB2AE70043921E /* RotateImage.swift */ = {isa = PBXFileReference; lastKnownFileType = sourcecode.swift; path = RotateImage.swift; sourceTree = "<group>"; };
		B75424B628CD9ABE0043921E /* ReverseString.swift */ = {isa = PBXFileReference; lastKnownFileType = sourcecode.swift; path = ReverseString.swift; sourceTree = "<group>"; };
		B75424B828CDA5EF0043921E /* Revserse.swift */ = {isa = PBXFileReference; lastKnownFileType = sourcecode.swift; path = Revserse.swift; sourceTree = "<group>"; };
		B75424BA28CDB91F0043921E /* FirstUniqueChar.swift */ = {isa = PBXFileReference; lastKnownFileType = sourcecode.swift; path = FirstUniqueChar.swift; sourceTree = "<group>"; };
		B75424BC28CDC0200043921E /* IsAnagram.swift */ = {isa = PBXFileReference; lastKnownFileType = sourcecode.swift; path = IsAnagram.swift; sourceTree = "<group>"; };
		B75424BE28CDD71B0043921E /* IsPalindrome.swift */ = {isa = PBXFileReference; lastKnownFileType = sourcecode.swift; path = IsPalindrome.swift; sourceTree = "<group>"; };
		B75424C028CEB9870043921E /* Atoi.swift */ = {isa = PBXFileReference; lastKnownFileType = sourcecode.swift; path = Atoi.swift; sourceTree = "<group>"; };
		B75424C228D000000043921E /* strStr.swift */ = {isa = PBXFileReference; lastKnownFileType = sourcecode.swift; path = strStr.swift; sourceTree = "<group>"; };
		B75424C428D016270043921E /* LongestCommonPrefix.swift */ = {isa = PBXFileReference; lastKnownFileType = sourcecode.swift; path = LongestCommonPrefix.swift; sourceTree = "<group>"; };
		B75424C628D2AEFC0043921E /* LinkedListDelete.swift */ = {isa = PBXFileReference; lastKnownFileType = sourcecode.swift; path = LinkedListDelete.swift; sourceTree = "<group>"; };
		B75424C828D2C1770043921E /* removeFromNthNode.swift */ = {isa = PBXFileReference; lastKnownFileType = sourcecode.swift; path = removeFromNthNode.swift; sourceTree = "<group>"; };
		B75424CB28D630850043921E /* reverseListNode.swift */ = {isa = PBXFileReference; lastKnownFileType = sourcecode.swift; path = reverseListNode.swift; sourceTree = "<group>"; };
/* End PBXFileReference section */

/* Begin PBXFrameworksBuildPhase section */
		B72B5AF228BB91BF00D83260 /* Frameworks */ = {
			isa = PBXFrameworksBuildPhase;
			buildActionMask = 2147483647;
			files = (
			);
			runOnlyForDeploymentPostprocessing = 0;
		};
/* End PBXFrameworksBuildPhase section */

/* Begin PBXGroup section */
		B72B5AEC28BB91BF00D83260 = {
			isa = PBXGroup;
			children = (
				B72B5AF728BB91BF00D83260 /* Algorithm */,
				B72B5AF628BB91BF00D83260 /* Products */,
			);
			sourceTree = "<group>";
		};
		B72B5AF628BB91BF00D83260 /* Products */ = {
			isa = PBXGroup;
			children = (
				B72B5AF528BB91BF00D83260 /* Algorithm */,
			);
			name = Products;
			sourceTree = "<group>";
		};
		B72B5AF728BB91BF00D83260 /* Algorithm */ = {
			isa = PBXGroup;
			children = (
				B72B5AF828BB91BF00D83260 /* main.swift */,
				B748322328DC40E800C8FBC2 /* maxDepth.swift */,
				B748322528DC57FE00C8FBC2 /* isValidBST.swift */,
				B748326628E2A8B600C8FBC2 /* Symmetric Tree.swift */,
				B748326C28E45FFB00C8FBC2 /* Binary Tree Level Order Traversal.swift */,
				B748326E28E6A15000C8FBC2 /* sortedArrayToBST.swift */,
				B748322028D9611C00C8FBC2 /* LinkedListCycle.swift */,
				B748321E28D85E9600C8FBC2 /* isPalindromeList.swift */,
				B748321728D6DD2700C8FBC2 /* MergeList.swift */,
				B72B5AFF28BB920900D83260 /* leetNum9.swift */,
				B72B5B0128C06BA000D83260 /* Removeduplicates.swift */,
				B75424A228C1C0CC0043921E /* MaxProfit.swift */,
				B75424A428C1EA5E0043921E /* Rotate.swift */,
				B75424A628C5898D0043921E /* containsDuplicates.swift */,
				B75424A828C593DF0043921E /* singleNumber.swift */,
				B75424AA28C59D9D0043921E /* intersect.swift */,
				B75424AC28C72C900043921E /* plusOne.swift */,
				B75424AE28C85A2F0043921E /* Movezeros.swift */,
				B75424B028C86CA20043921E /* TwoSum.swift */,
				B75424B228C87BE70043921E /* validSudoKu.swift */,
				B75424B428CB2AE70043921E /* RotateImage.swift */,
				B75424B628CD9ABE0043921E /* ReverseString.swift */,
				B75424B828CDA5EF0043921E /* Revserse.swift */,
				B75424BA28CDB91F0043921E /* FirstUniqueChar.swift */,
				B75424BC28CDC0200043921E /* IsAnagram.swift */,
				B75424BE28CDD71B0043921E /* IsPalindrome.swift */,
				B75424C028CEB9870043921E /* Atoi.swift */,
				B75424C228D000000043921E /* strStr.swift */,
				B75424C428D016270043921E /* LongestCommonPrefix.swift */,
				B75424C628D2AEFC0043921E /* LinkedListDelete.swift */,
				B75424C828D2C1770043921E /* removeFromNthNode.swift */,
				B75424CB28D630850043921E /* reverseListNode.swift */,
			);
			path = Algorithm;
			sourceTree = "<group>";
		};
/* End PBXGroup section */

/* Begin PBXNativeTarget section */
		B72B5AF428BB91BF00D83260 /* Algorithm */ = {
			isa = PBXNativeTarget;
			buildConfigurationList = B72B5AFC28BB91BF00D83260 /* Build configuration list for PBXNativeTarget "Algorithm" */;
			buildPhases = (
				B72B5AF128BB91BF00D83260 /* Sources */,
				B72B5AF228BB91BF00D83260 /* Frameworks */,
				B72B5AF328BB91BF00D83260 /* CopyFiles */,
			);
			buildRules = (
			);
			dependencies = (
			);
			name = Algorithm;
			productName = Algorithm;
			productReference = B72B5AF528BB91BF00D83260 /* Algorithm */;
			productType = "com.apple.product-type.tool";
		};
/* End PBXNativeTarget section */

/* Begin PBXProject section */
		B72B5AED28BB91BF00D83260 /* Project object */ = {
			isa = PBXProject;
			attributes = {
				BuildIndependentTargetsInParallel = 1;
				LastSwiftUpdateCheck = 1330;
				LastUpgradeCheck = 1330;
				TargetAttributes = {
					B72B5AF428BB91BF00D83260 = {
						CreatedOnToolsVersion = 13.3;
					};
				};
			};
			buildConfigurationList = B72B5AF028BB91BF00D83260 /* Build configuration list for PBXProject "Algorithm" */;
			compatibilityVersion = "Xcode 13.0";
			developmentRegion = en;
			hasScannedForEncodings = 0;
			knownRegions = (
				en,
				Base,
			);
			mainGroup = B72B5AEC28BB91BF00D83260;
			productRefGroup = B72B5AF628BB91BF00D83260 /* Products */;
			projectDirPath = "";
			projectRoot = "";
			targets = (
				B72B5AF428BB91BF00D83260 /* Algorithm */,
			);
		};
/* End PBXProject section */

/* Begin PBXSourcesBuildPhase section */
		B72B5AF128BB91BF00D83260 /* Sources */ = {
			isa = PBXSourcesBuildPhase;
			buildActionMask = 2147483647;
			files = (
				B75424B128C86CA20043921E /* TwoSum.swift in Sources */,
				B748322128D9611C00C8FBC2 /* LinkedListCycle.swift in Sources */,
				B75424BD28CDC0200043921E /* IsAnagram.swift in Sources */,
				B75424B528CB2AE70043921E /* RotateImage.swift in Sources */,
				B75424AD28C72C900043921E /* plusOne.swift in Sources */,
				B75424A928C593DF0043921E /* singleNumber.swift in Sources */,
				B75424C928D2C1770043921E /* removeFromNthNode.swift in Sources */,
				B75424C728D2AEFC0043921E /* LinkedListDelete.swift in Sources */,
				B75424B928CDA5EF0043921E /* Revserse.swift in Sources */,
				B75424AF28C85A2F0043921E /* Movezeros.swift in Sources */,
				B75424A328C1C0CC0043921E /* MaxProfit.swift in Sources */,
				B748322628DC57FE00C8FBC2 /* isValidBST.swift in Sources */,
				B72B5B0028BB920900D83260 /* leetNum9.swift in Sources */,
				B748326F28E6A15000C8FBC2 /* sortedArrayToBST.swift in Sources */,
				B75424C128CEB9870043921E /* Atoi.swift in Sources */,
				B75424C528D016270043921E /* LongestCommonPrefix.swift in Sources */,
				B75424AB28C59D9D0043921E /* intersect.swift in Sources */,
				B748321F28D85E9600C8FBC2 /* isPalindromeList.swift in Sources */,
				B75424B328C87BE70043921E /* validSudoKu.swift in Sources */,
				B72B5B0228C06BA100D83260 /* Removeduplicates.swift in Sources */,
				B75424C328D000000043921E /* strStr.swift in Sources */,
				B75424BF28CDD71B0043921E /* IsPalindrome.swift in Sources */,
				B748322428DC40E800C8FBC2 /* maxDepth.swift in Sources */,
				B75424A528C1EA5E0043921E /* Rotate.swift in Sources */,
				B75424A728C5898D0043921E /* containsDuplicates.swift in Sources */,
				B748321828D6DD2700C8FBC2 /* MergeList.swift in Sources */,
				B75424BB28CDB91F0043921E /* FirstUniqueChar.swift in Sources */,
				B748326D28E45FFB00C8FBC2 /* Binary Tree Level Order Traversal.swift in Sources */,
				B72B5AF928BB91BF00D83260 /* main.swift in Sources */,
				B75424CC28D630850043921E /* reverseListNode.swift in Sources */,
				B748326728E2A8B600C8FBC2 /* Symmetric Tree.swift in Sources */,
				B75424B728CD9ABE0043921E /* ReverseString.swift in Sources */,
			);
			runOnlyForDeploymentPostprocessing = 0;
		};
/* End PBXSourcesBuildPhase section */

/* Begin XCBuildConfiguration section */
		B72B5AFA28BB91BF00D83260 /* Debug */ = {
			isa = XCBuildConfiguration;
			buildSettings = {
				ALWAYS_SEARCH_USER_PATHS = NO;
				CLANG_ANALYZER_NONNULL = YES;
				CLANG_ANALYZER_NUMBER_OBJECT_CONVERSION = YES_AGGRESSIVE;
				CLANG_CXX_LANGUAGE_STANDARD = "gnu++17";
				CLANG_ENABLE_MODULES = YES;
				CLANG_ENABLE_OBJC_ARC = YES;
				CLANG_ENABLE_OBJC_WEAK = YES;
				CLANG_WARN_BLOCK_CAPTURE_AUTORELEASING = YES;
				CLANG_WARN_BOOL_CONVERSION = YES;
				CLANG_WARN_COMMA = YES;
				CLANG_WARN_CONSTANT_CONVERSION = YES;
				CLANG_WARN_DEPRECATED_OBJC_IMPLEMENTATIONS = YES;
				CLANG_WARN_DIRECT_OBJC_ISA_USAGE = YES_ERROR;
				CLANG_WARN_DOCUMENTATION_COMMENTS = YES;
				CLANG_WARN_EMPTY_BODY = YES;
				CLANG_WARN_ENUM_CONVERSION = YES;
				CLANG_WARN_INFINITE_RECURSION = YES;
				CLANG_WARN_INT_CONVERSION = YES;
				CLANG_WARN_NON_LITERAL_NULL_CONVERSION = YES;
				CLANG_WARN_OBJC_IMPLICIT_RETAIN_SELF = YES;
				CLANG_WARN_OBJC_LITERAL_CONVERSION = YES;
				CLANG_WARN_OBJC_ROOT_CLASS = YES_ERROR;
				CLANG_WARN_QUOTED_INCLUDE_IN_FRAMEWORK_HEADER = YES;
				CLANG_WARN_RANGE_LOOP_ANALYSIS = YES;
				CLANG_WARN_STRICT_PROTOTYPES = YES;
				CLANG_WARN_SUSPICIOUS_MOVE = YES;
				CLANG_WARN_UNGUARDED_AVAILABILITY = YES_AGGRESSIVE;
				CLANG_WARN_UNREACHABLE_CODE = YES;
				CLANG_WARN__DUPLICATE_METHOD_MATCH = YES;
				COPY_PHASE_STRIP = NO;
				DEBUG_INFORMATION_FORMAT = dwarf;
				ENABLE_STRICT_OBJC_MSGSEND = YES;
				ENABLE_TESTABILITY = YES;
				GCC_C_LANGUAGE_STANDARD = gnu11;
				GCC_DYNAMIC_NO_PIC = NO;
				GCC_NO_COMMON_BLOCKS = YES;
				GCC_OPTIMIZATION_LEVEL = 0;
				GCC_PREPROCESSOR_DEFINITIONS = (
					"DEBUG=1",
					"$(inherited)",
				);
				GCC_WARN_64_TO_32_BIT_CONVERSION = YES;
				GCC_WARN_ABOUT_RETURN_TYPE = YES_ERROR;
				GCC_WARN_UNDECLARED_SELECTOR = YES;
				GCC_WARN_UNINITIALIZED_AUTOS = YES_AGGRESSIVE;
				GCC_WARN_UNUSED_FUNCTION = YES;
				GCC_WARN_UNUSED_VARIABLE = YES;
				MACOSX_DEPLOYMENT_TARGET = 12.1;
				MTL_ENABLE_DEBUG_INFO = INCLUDE_SOURCE;
				MTL_FAST_MATH = YES;
				ONLY_ACTIVE_ARCH = YES;
				SDKROOT = macosx;
				SWIFT_ACTIVE_COMPILATION_CONDITIONS = DEBUG;
				SWIFT_OPTIMIZATION_LEVEL = "-Onone";
			};
			name = Debug;
		};
		B72B5AFB28BB91BF00D83260 /* Release */ = {
			isa = XCBuildConfiguration;
			buildSettings = {
				ALWAYS_SEARCH_USER_PATHS = NO;
				CLANG_ANALYZER_NONNULL = YES;
				CLANG_ANALYZER_NUMBER_OBJECT_CONVERSION = YES_AGGRESSIVE;
				CLANG_CXX_LANGUAGE_STANDARD = "gnu++17";
				CLANG_ENABLE_MODULES = YES;
				CLANG_ENABLE_OBJC_ARC = YES;
				CLANG_ENABLE_OBJC_WEAK = YES;
				CLANG_WARN_BLOCK_CAPTURE_AUTORELEASING = YES;
				CLANG_WARN_BOOL_CONVERSION = YES;
				CLANG_WARN_COMMA = YES;
				CLANG_WARN_CONSTANT_CONVERSION = YES;
				CLANG_WARN_DEPRECATED_OBJC_IMPLEMENTATIONS = YES;
				CLANG_WARN_DIRECT_OBJC_ISA_USAGE = YES_ERROR;
				CLANG_WARN_DOCUMENTATION_COMMENTS = YES;
				CLANG_WARN_EMPTY_BODY = YES;
				CLANG_WARN_ENUM_CONVERSION = YES;
				CLANG_WARN_INFINITE_RECURSION = YES;
				CLANG_WARN_INT_CONVERSION = YES;
				CLANG_WARN_NON_LITERAL_NULL_CONVERSION = YES;
				CLANG_WARN_OBJC_IMPLICIT_RETAIN_SELF = YES;
				CLANG_WARN_OBJC_LITERAL_CONVERSION = YES;
				CLANG_WARN_OBJC_ROOT_CLASS = YES_ERROR;
				CLANG_WARN_QUOTED_INCLUDE_IN_FRAMEWORK_HEADER = YES;
				CLANG_WARN_RANGE_LOOP_ANALYSIS = YES;
				CLANG_WARN_STRICT_PROTOTYPES = YES;
				CLANG_WARN_SUSPICIOUS_MOVE = YES;
				CLANG_WARN_UNGUARDED_AVAILABILITY = YES_AGGRESSIVE;
				CLANG_WARN_UNREACHABLE_CODE = YES;
				CLANG_WARN__DUPLICATE_METHOD_MATCH = YES;
				COPY_PHASE_STRIP = NO;
				DEBUG_INFORMATION_FORMAT = "dwarf-with-dsym";
				ENABLE_NS_ASSERTIONS = NO;
				ENABLE_STRICT_OBJC_MSGSEND = YES;
				GCC_C_LANGUAGE_STANDARD = gnu11;
				GCC_NO_COMMON_BLOCKS = YES;
				GCC_WARN_64_TO_32_BIT_CONVERSION = YES;
				GCC_WARN_ABOUT_RETURN_TYPE = YES_ERROR;
				GCC_WARN_UNDECLARED_SELECTOR = YES;
				GCC_WARN_UNINITIALIZED_AUTOS = YES_AGGRESSIVE;
				GCC_WARN_UNUSED_FUNCTION = YES;
				GCC_WARN_UNUSED_VARIABLE = YES;
				MACOSX_DEPLOYMENT_TARGET = 12.1;
				MTL_ENABLE_DEBUG_INFO = NO;
				MTL_FAST_MATH = YES;
				SDKROOT = macosx;
				SWIFT_COMPILATION_MODE = wholemodule;
				SWIFT_OPTIMIZATION_LEVEL = "-O";
			};
			name = Release;
		};
		B72B5AFD28BB91BF00D83260 /* Debug */ = {
			isa = XCBuildConfiguration;
			buildSettings = {
				CODE_SIGN_STYLE = Automatic;
				DEVELOPMENT_TEAM = 57KUPHDJ89;
				ENABLE_HARDENED_RUNTIME = YES;
				PRODUCT_NAME = "$(TARGET_NAME)";
				SWIFT_VERSION = 5.0;
			};
			name = Debug;
		};
		B72B5AFE28BB91BF00D83260 /* Release */ = {
			isa = XCBuildConfiguration;
			buildSettings = {
				CODE_SIGN_STYLE = Automatic;
				DEVELOPMENT_TEAM = 57KUPHDJ89;
				ENABLE_HARDENED_RUNTIME = YES;
				PRODUCT_NAME = "$(TARGET_NAME)";
				SWIFT_VERSION = 5.0;
			};
			name = Release;
		};
/* End XCBuildConfiguration section */

/* Begin XCConfigurationList section */
		B72B5AF028BB91BF00D83260 /* Build configuration list for PBXProject "Algorithm" */ = {
			isa = XCConfigurationList;
			buildConfigurations = (
				B72B5AFA28BB91BF00D83260 /* Debug */,
				B72B5AFB28BB91BF00D83260 /* Release */,
			);
			defaultConfigurationIsVisible = 0;
			defaultConfigurationName = Release;
		};
		B72B5AFC28BB91BF00D83260 /* Build configuration list for PBXNativeTarget "Algorithm" */ = {
			isa = XCConfigurationList;
			buildConfigurations = (
				B72B5AFD28BB91BF00D83260 /* Debug */,
				B72B5AFE28BB91BF00D83260 /* Release */,
			);
			defaultConfigurationIsVisible = 0;
			defaultConfigurationName = Release;
		};
/* End XCConfigurationList section */
	};
	rootObject = B72B5AED28BB91BF00D83260 /* Project object */;
}
